// !$*UTF8*$!
{
	archiveVersion = 1;
	classes = {
	};
	objectVersion = 46;
	objects = {

/* Begin PBXBuildFile section */
		1E60E8EA1992656F00C48144 /* AppDelegate.swift in Sources */ = {isa = PBXBuildFile; fileRef = 1E60E8E91992656F00C48144 /* AppDelegate.swift */; };
		1E60E8EC1992656F00C48144 /* ViewController.swift in Sources */ = {isa = PBXBuildFile; fileRef = 1E60E8EB1992656F00C48144 /* ViewController.swift */; };
		1E60E8EF1992656F00C48144 /* Main.storyboard in Resources */ = {isa = PBXBuildFile; fileRef = 1E60E8ED1992656F00C48144 /* Main.storyboard */; };
		1E60E8F11992656F00C48144 /* Images.xcassets in Resources */ = {isa = PBXBuildFile; fileRef = 1E60E8F01992656F00C48144 /* Images.xcassets */; };
		1E60E8FD1992656F00C48144 /* webviewTests.swift in Sources */ = {isa = PBXBuildFile; fileRef = 1E60E8FC1992656F00C48144 /* webviewTests.swift */; };
/* End PBXBuildFile section */

/* Begin PBXContainerItemProxy section */
		1E60E8F71992656F00C48144 /* PBXContainerItemProxy */ = {
			isa = PBXContainerItemProxy;
			containerPortal = 1E60E8DC1992656F00C48144 /* Project object */;
			proxyType = 1;
			remoteGlobalIDString = 1E60E8E31992656F00C48144;
			remoteInfo = webview;
		};
/* End PBXContainerItemProxy section */

/* Begin PBXFileReference section */
		1E60E8E41992656F00C48144 /* webview.app */ = {isa = PBXFileReference; explicitFileType = wrapper.application; includeInIndex = 0; path = webview.app; sourceTree = BUILT_PRODUCTS_DIR; };
		1E60E8E81992656F00C48144 /* Info.plist */ = {isa = PBXFileReference; lastKnownFileType = text.plist.xml; path = Info.plist; sourceTree = "<group>"; };
		1E60E8E91992656F00C48144 /* AppDelegate.swift */ = {isa = PBXFileReference; lastKnownFileType = sourcecode.swift; path = AppDelegate.swift; sourceTree = "<group>"; };
		1E60E8EB1992656F00C48144 /* ViewController.swift */ = {isa = PBXFileReference; lastKnownFileType = sourcecode.swift; path = ViewController.swift; sourceTree = "<group>"; };
		1E60E8EE1992656F00C48144 /* Base */ = {isa = PBXFileReference; lastKnownFileType = file.storyboard; name = Base; path = Base.lproj/Main.storyboard; sourceTree = "<group>"; };
		1E60E8F01992656F00C48144 /* Images.xcassets */ = {isa = PBXFileReference; lastKnownFileType = folder.assetcatalog; path = Images.xcassets; sourceTree = "<group>"; };
		1E60E8F61992656F00C48144 /* webviewTests.xctest */ = {isa = PBXFileReference; explicitFileType = wrapper.cfbundle; includeInIndex = 0; path = webviewTests.xctest; sourceTree = BUILT_PRODUCTS_DIR; };
		1E60E8FB1992656F00C48144 /* Info.plist */ = {isa = PBXFileReference; lastKnownFileType = text.plist.xml; path = Info.plist; sourceTree = "<group>"; };
		1E60E8FC1992656F00C48144 /* webviewTests.swift */ = {isa = PBXFileReference; lastKnownFileType = sourcecode.swift; path = webviewTests.swift; sourceTree = "<group>"; };
/* End PBXFileReference section */

/* Begin PBXFrameworksBuildPhase section */
		1E60E8E11992656F00C48144 /* Frameworks */ = {
			isa = PBXFrameworksBuildPhase;
			buildActionMask = 2147483647;
			files = (
			);
			runOnlyForDeploymentPostprocessing = 0;
		};
		1E60E8F31992656F00C48144 /* Frameworks */ = {
			isa = PBXFrameworksBuildPhase;
			buildActionMask = 2147483647;
			files = (
			);
			runOnlyForDeploymentPostprocessing = 0;
		};
/* End PBXFrameworksBuildPhase section */

/* Begin PBXGroup section */
		1E60E8DB1992656F00C48144 = {
			isa = PBXGroup;
			children = (
				1E60E8E61992656F00C48144 /* webview */,
				1E60E8F91992656F00C48144 /* webviewTests */,
				1E60E8E51992656F00C48144 /* Products */,
			);
			sourceTree = "<group>";
		};
		1E60E8E51992656F00C48144 /* Products */ = {
			isa = PBXGroup;
			children = (
				1E60E8E41992656F00C48144 /* webview.app */,
				1E60E8F61992656F00C48144 /* webviewTests.xctest */,
			);
			name = Products;
			sourceTree = "<group>";
		};
		1E60E8E61992656F00C48144 /* webview */ = {
			isa = PBXGroup;
			children = (
				1E60E8E91992656F00C48144 /* AppDelegate.swift */,
				1E60E8EB1992656F00C48144 /* ViewController.swift */,
				1E60E8ED1992656F00C48144 /* Main.storyboard */,
				1E60E8F01992656F00C48144 /* Images.xcassets */,
				1E60E8E71992656F00C48144 /* Supporting Files */,
			);
			path = webview;
			sourceTree = "<group>";
		};
		1E60E8E71992656F00C48144 /* Supporting Files */ = {
			isa = PBXGroup;
			children = (
				1E60E8E81992656F00C48144 /* Info.plist */,
			);
			name = "Supporting Files";
			sourceTree = "<group>";
		};
		1E60E8F91992656F00C48144 /* webviewTests */ = {
			isa = PBXGroup;
			children = (
				1E60E8FC1992656F00C48144 /* webviewTests.swift */,
				1E60E8FA1992656F00C48144 /* Supporting Files */,
			);
			path = webviewTests;
			sourceTree = "<group>";
		};
		1E60E8FA1992656F00C48144 /* Supporting Files */ = {
			isa = PBXGroup;
			children = (
				1E60E8FB1992656F00C48144 /* Info.plist */,
			);
			name = "Supporting Files";
			sourceTree = "<group>";
		};
/* End PBXGroup section */

/* Begin PBXNativeTarget section */
		1E60E8E31992656F00C48144 /* webview */ = {
			isa = PBXNativeTarget;
			buildConfigurationList = 1E60E9001992656F00C48144 /* Build configuration list for PBXNativeTarget "webview" */;
			buildPhases = (
				1E60E8E01992656F00C48144 /* Sources */,
				1E60E8E11992656F00C48144 /* Frameworks */,
				1E60E8E21992656F00C48144 /* Resources */,
			);
			buildRules = (
			);
			dependencies = (
			);
			name = webview;
			productName = webview;
			productReference = 1E60E8E41992656F00C48144 /* webview.app */;
			productType = "com.apple.product-type.application";
		};
		1E60E8F51992656F00C48144 /* webviewTests */ = {
			isa = PBXNativeTarget;
			buildConfigurationList = 1E60E9031992656F00C48144 /* Build configuration list for PBXNativeTarget "webviewTests" */;
			buildPhases = (
				1E60E8F21992656F00C48144 /* Sources */,
				1E60E8F31992656F00C48144 /* Frameworks */,
				1E60E8F41992656F00C48144 /* Resources */,
			);
			buildRules = (
			);
			dependencies = (
				1E60E8F81992656F00C48144 /* PBXTargetDependency */,
			);
			name = webviewTests;
			productName = webviewTests;
			productReference = 1E60E8F61992656F00C48144 /* webviewTests.xctest */;
			productType = "com.apple.product-type.bundle.unit-test";
		};
/* End PBXNativeTarget section */

/* Begin PBXProject section */
		1E60E8DC1992656F00C48144 /* Project object */ = {
			isa = PBXProject;
			attributes = {
				LastUpgradeCheck = 0600;
				ORGANIZATIONNAME = "Yuto Kitakuni";
				TargetAttributes = {
					1E60E8E31992656F00C48144 = {
						CreatedOnToolsVersion = 6.0;
					};
					1E60E8F51992656F00C48144 = {
						CreatedOnToolsVersion = 6.0;
						TestTargetID = 1E60E8E31992656F00C48144;
					};
				};
			};
			buildConfigurationList = 1E60E8DF1992656F00C48144 /* Build configuration list for PBXProject "webview" */;
			compatibilityVersion = "Xcode 3.2";
			developmentRegion = English;
			hasScannedForEncodings = 0;
			knownRegions = (
				en,
				Base,
			);
			mainGroup = 1E60E8DB1992656F00C48144;
			productRefGroup = 1E60E8E51992656F00C48144 /* Products */;
			projectDirPath = "";
			projectRoot = "";
			targets = (
				1E60E8E31992656F00C48144 /* webview */,
				1E60E8F51992656F00C48144 /* webviewTests */,
			);
		};
/* End PBXProject section */

/* Begin PBXResourcesBuildPhase section */
		1E60E8E21992656F00C48144 /* Resources */ = {
			isa = PBXResourcesBuildPhase;
			buildActionMask = 2147483647;
			files = (
				1E60E8EF1992656F00C48144 /* Main.storyboard in Resources */,
				1E60E8F11992656F00C48144 /* Images.xcassets in Resources */,
			);
			runOnlyForDeploymentPostprocessing = 0;
		};
		1E60E8F41992656F00C48144 /* Resources */ = {
			isa = PBXResourcesBuildPhase;
			buildActionMask = 2147483647;
			files = (
			);
			runOnlyForDeploymentPostprocessing = 0;
		};
/* End PBXResourcesBuildPhase section */

/* Begin PBXSourcesBuildPhase section */
		1E60E8E01992656F00C48144 /* Sources */ = {
			isa = PBXSourcesBuildPhase;
			buildActionMask = 2147483647;
			files = (
				1E60E8EC1992656F00C48144 /* ViewController.swift in Sources */,
				1E60E8EA1992656F00C48144 /* AppDelegate.swift in Sources */,
			);
			runOnlyForDeploymentPostprocessing = 0;
		};
		1E60E8F21992656F00C48144 /* Sources */ = {
			isa = PBXSourcesBuildPhase;
			buildActionMask = 2147483647;
			files = (
				1E60E8FD1992656F00C48144 /* webviewTests.swift in Sources */,
			);
			runOnlyForDeploymentPostprocessing = 0;
		};
/* End PBXSourcesBuildPhase section */

/* Begin PBXTargetDependency section */
		1E60E8F81992656F00C48144 /* PBXTargetDependency */ = {
			isa = PBXTargetDependency;
			target = 1E60E8E31992656F00C48144 /* webview */;
			targetProxy = 1E60E8F71992656F00C48144 /* PBXContainerItemProxy */;
		};
/* End PBXTargetDependency section */

/* Begin PBXVariantGroup section */
		1E60E8ED1992656F00C48144 /* Main.storyboard */ = {
			isa = PBXVariantGroup;
			children = (
				1E60E8EE1992656F00C48144 /* Base */,
			);
			name = Main.storyboard;
			sourceTree = "<group>";
		};
/* End PBXVariantGroup section */

/* Begin XCBuildConfiguration section */
		1E60E8FE1992656F00C48144 /* Debug */ = {
			isa = XCBuildConfiguration;
			buildSettings = {
				ALWAYS_SEARCH_USER_PATHS = NO;
				CLANG_CXX_LANGUAGE_STANDARD = "gnu++0x";
				CLANG_CXX_LIBRARY = "libc++";
				CLANG_ENABLE_MODULES = YES;
				CLANG_ENABLE_OBJC_ARC = YES;
				CLANG_WARN_BOOL_CONVERSION = YES;
				CLANG_WARN_CONSTANT_CONVERSION = YES;
				CLANG_WARN_DIRECT_OBJC_ISA_USAGE = YES_ERROR;
				CLANG_WARN_EMPTY_BODY = YES;
				CLANG_WARN_ENUM_CONVERSION = YES;
				CLANG_WARN_INT_CONVERSION = YES;
				CLANG_WARN_OBJC_ROOT_CLASS = YES_ERROR;
				CLANG_WARN_UNREACHABLE_CODE = YES;
				CLANG_WARN__DUPLICATE_METHOD_MATCH = YES;
				"CODE_SIGN_IDENTITY[sdk=iphoneos*]" = "iPhone Developer";
				COPY_PHASE_STRIP = NO;
				ENABLE_STRICT_OBJC_MSGSEND = YES;
				GCC_C_LANGUAGE_STANDARD = gnu99;
				GCC_DYNAMIC_NO_PIC = NO;
				GCC_OPTIMIZATION_LEVEL = 0;
				GCC_PREPROCESSOR_DEFINITIONS = (
					"DEBUG=1",
					"$(inherited)",
				);
				GCC_SYMBOLS_PRIVATE_EXTERN = NO;
				GCC_WARN_64_TO_32_BIT_CONVERSION = YES;
				GCC_WARN_ABOUT_RETURN_TYPE = YES_ERROR;
				GCC_WARN_UNDECLARED_SELECTOR = YES;
				GCC_WARN_UNINITIALIZED_AUTOS = YES_AGGRESSIVE;
				GCC_WARN_UNUSED_FUNCTION = YES;
				GCC_WARN_UNUSED_VARIABLE = YES;
				IPHONEOS_DEPLOYMENT_TARGET = 8.0;
				MTL_ENABLE_DEBUG_INFO = YES;
				ONLY_ACTIVE_ARCH = YES;
				SDKROOT = iphoneos;
				SWIFT_OPTIMIZATION_LEVEL = "-Onone";
			};
			name = Debug;
		};
		1E60E8FF1992656F00C48144 /* Release */ = {
			isa = XCBuildConfiguration;
			buildSettings = {
				ALWAYS_SEARCH_USER_PATHS = NO;
				CLANG_CXX_LANGUAGE_STANDARD = "gnu++0x";
				CLANG_CXX_LIBRARY = "libc++";
				CLANG_ENABLE_MODULES = YES;
				CLANG_ENABLE_OBJC_ARC = YES;
				CLANG_WARN_BOOL_CONVERSION = YES;
				CLANG_WARN_CONSTANT_CONVERSION = YES;
				CLANG_WARN_DIRECT_OBJC_ISA_USAGE = YES_ERROR;
				CLANG_WARN_EMPTY_BODY = YES;
				CLANG_WARN_ENUM_CONVERSION = YES;
				CLANG_WARN_INT_CONVERSION = YES;
				CLANG_WARN_OBJC_ROOT_CLASS = YES_ERROR;
				CLANG_WARN_UNREACHABLE_CODE = YES;
				CLANG_WARN__DUPLICATE_METHOD_MATCH = YES;
				"CODE_SIGN_IDENTITY[sdk=iphoneos*]" = "iPhone Developer";
				COPY_PHASE_STRIP = YES;
				ENABLE_NS_ASSERTIONS = NO;
				ENABLE_STRICT_OBJC_MSGSEND = YES;
				GCC_C_LANGUAGE_STANDARD = gnu99;
				GCC_WARN_64_TO_32_BIT_CONVERSION = YES;
				GCC_WARN_ABOUT_RETURN_TYPE = YES_ERROR;
				GCC_WARN_UNDECLARED_SELECTOR = YES;
				GCC_WARN_UNINITIALIZED_AUTOS = YES_AGGRESSIVE;
				GCC_WARN_UNUSED_FUNCTION = YES;
				GCC_WARN_UNUSED_VARIABLE = YES;
				IPHONEOS_DEPLOYMENT_TARGET = 8.0;
				MTL_ENABLE_DEBUG_INFO = NO;
				SDKROOT = iphoneos;
				VALIDATE_PRODUCT = YES;
			};
			name = Release;
		};
		1E60E9011992656F00C48144 /* Debug */ = {
			isa = XCBuildConfiguration;
			buildSettings = {
				ASSETCATALOG_COMPILER_APPICON_NAME = AppIcon;
				ASSETCATALOG_COMPILER_LAUNCHIMAGE_NAME = LaunchImage;
				INFOPLIST_FILE = webview/Info.plist;
				LD_RUNPATH_SEARCH_PATHS = "$(inherited) @executable_path/Frameworks";
				PRODUCT_NAME = "$(TARGET_NAME)";
			};
			name = Debug;
		};
		1E60E9021992656F00C48144 /* Release */ = {
			isa = XCBuildConfiguration;
			buildSettings = {
				ASSETCATALOG_COMPILER_APPICON_NAME = AppIcon;
				ASSETCATALOG_COMPILER_LAUNCHIMAGE_NAME = LaunchImage;
				INFOPLIST_FILE = webview/Info.plist;
				LD_RUNPATH_SEARCH_PATHS = "$(inherited) @executable_path/Frameworks";
				PRODUCT_NAME = "$(TARGET_NAME)";
			};
			name = Release;
		};
		1E60E9041992656F00C48144 /* Debug */ = {
			isa = XCBuildConfiguration;
			buildSettings = {
				BUNDLE_LOADER = "$(BUILT_PRODUCTS_DIR)/webview.app/webview";
				FRAMEWORK_SEARCH_PATHS = (
					"$(SDKROOT)/Developer/Library/Frameworks",
					"$(inherited)",
				);
				GCC_PREPROCESSOR_DEFINITIONS = (
					"DEBUG=1",
					"$(inherited)",
				);
				INFOPLIST_FILE = webviewTests/Info.plist;
				LD_RUNPATH_SEARCH_PATHS = "$(inherited) @executable_path/Frameworks @loader_path/Frameworks";
				PRODUCT_NAME = "$(TARGET_NAME)";
				TEST_HOST = "$(BUNDLE_LOADER)";
			};
			name = Debug;
		};
		1E60E9051992656F00C48144 /* Release */ = {
			isa = XCBuildConfiguration;
			buildSettings = {
				BUNDLE_LOADER = "$(BUILT_PRODUCTS_DIR)/webview.app/webview";
				FRAMEWORK_SEARCH_PATHS = (
					"$(SDKROOT)/Developer/Library/Frameworks",
					"$(inherited)",
				);
				INFOPLIST_FILE = webviewTests/Info.plist;
				LD_RUNPATH_SEARCH_PATHS = "$(inherited) @executable_path/Frameworks @loader_path/Frameworks";
				PRODUCT_NAME = "$(TARGET_NAME)";
				TEST_HOST = "$(BUNDLE_LOADER)";
			};
			name = Release;
		};
/* End XCBuildConfiguration section */

/* Begin XCConfigurationList section */
		1E60E8DF1992656F00C48144 /* Build configuration list for PBXProject "webview" */ = {
			isa = XCConfigurationList;
			buildConfigurations = (
				1E60E8FE1992656F00C48144 /* Debug */,
				1E60E8FF1992656F00C48144 /* Release */,
			);
			defaultConfigurationIsVisible = 0;
			defaultConfigurationName = Release;
		};
		1E60E9001992656F00C48144 /* Build configuration list for PBXNativeTarget "webview" */ = {
			isa = XCConfigurationList;
			buildConfigurations = (
				1E60E9011992656F00C48144 /* Debug */,
				1E60E9021992656F00C48144 /* Release */,
			);
			defaultConfigurationIsVisible = 0;
		};
		1E60E9031992656F00C48144 /* Build configuration list for PBXNativeTarget "webviewTests" */ = {
			isa = XCConfigurationList;
			buildConfigurations = (
				1E60E9041992656F00C48144 /* Debug */,
				1E60E9051992656F00C48144 /* Release */,
			);
			defaultConfigurationIsVisible = 0;
		};
/* End XCConfigurationList section */
	};
	rootObject = 1E60E8DC1992656F00C48144 /* Project object */;
}
